// !$*UTF8*$!
{
	archiveVersion = 1;
	classes = {
	};
	objectVersion = 56;
	objects = {

/* Begin PBXBuildFile section */
		91431DA92C63E95800F82CB4 /* AppDelegate.swift in Sources */ = {isa = PBXBuildFile; fileRef = 91431DA82C63E95800F82CB4 /* AppDelegate.swift */; };
		91431DAB2C63E95800F82CB4 /* SceneDelegate.swift in Sources */ = {isa = PBXBuildFile; fileRef = 91431DAA2C63E95800F82CB4 /* SceneDelegate.swift */; };
		91431DAD2C63E95800F82CB4 /* ViewController.swift in Sources */ = {isa = PBXBuildFile; fileRef = 91431DAC2C63E95800F82CB4 /* ViewController.swift */; };
		91431DB02C63E95800F82CB4 /* Base in Resources */ = {isa = PBXBuildFile; fileRef = 91431DAF2C63E95800F82CB4 /* Base */; };
		91431DB22C63E95900F82CB4 /* Assets.xcassets in Resources */ = {isa = PBXBuildFile; fileRef = 91431DB12C63E95900F82CB4 /* Assets.xcassets */; };
		91431DB52C63E95900F82CB4 /* Base in Resources */ = {isa = PBXBuildFile; fileRef = 91431DB42C63E95900F82CB4 /* Base */; };
		91431DC02C63E95900F82CB4 /* WordGuesserTests.swift in Sources */ = {isa = PBXBuildFile; fileRef = 91431DBF2C63E95900F82CB4 /* WordGuesserTests.swift */; };
		91431DCA2C63E95900F82CB4 /* WordGuesserUITests.swift in Sources */ = {isa = PBXBuildFile; fileRef = 91431DC92C63E95900F82CB4 /* WordGuesserUITests.swift */; };
		91431DCC2C63E95900F82CB4 /* WordGuesserUITestsLaunchTests.swift in Sources */ = {isa = PBXBuildFile; fileRef = 91431DCB2C63E95900F82CB4 /* WordGuesserUITestsLaunchTests.swift */; };
		91431DD92C64659700F82CB4 /* wordlist.txt in Resources */ = {isa = PBXBuildFile; fileRef = 91431DD82C64659700F82CB4 /* wordlist.txt */; };
		91751C7D2C6AEB8300E113A2 /* Game.swift in Sources */ = {isa = PBXBuildFile; fileRef = 91751C7C2C6AEB8300E113A2 /* Game.swift */; };
		91B145892C823E9B004FC37B /* KeyboardKit in Frameworks */ = {isa = PBXBuildFile; productRef = 91B145882C823E9B004FC37B /* KeyboardKit */; };
		91F94C562C6E4A03006C23C3 /* GuessResultsView.swift in Sources */ = {isa = PBXBuildFile; fileRef = 91F94C552C6E4A03006C23C3 /* GuessResultsView.swift */; };
		91F94C582C6E4AC7006C23C3 /* GuessResultsView.xib in Resources */ = {isa = PBXBuildFile; fileRef = 91F94C572C6E4AC7006C23C3 /* GuessResultsView.xib */; };
		91F94C5A2C6E5724006C23C3 /* GuessResultsLetterView.swift in Sources */ = {isa = PBXBuildFile; fileRef = 91F94C592C6E5724006C23C3 /* GuessResultsLetterView.swift */; };
		91F94C5C2C6E5786006C23C3 /* GuessResultsLetterView.xib in Resources */ = {isa = PBXBuildFile; fileRef = 91F94C5B2C6E5786006C23C3 /* GuessResultsLetterView.xib */; };
		91F94C5E2C6E9173006C23C3 /* UIView+Nib.swift in Sources */ = {isa = PBXBuildFile; fileRef = 91F94C5D2C6E9173006C23C3 /* UIView+Nib.swift */; };
		91F94C642C6E9FC6006C23C3 /* LetterResultViewModel.swift in Sources */ = {isa = PBXBuildFile; fileRef = 91F94C632C6E9FC6006C23C3 /* LetterResultViewModel.swift */; };
		91F94C662C6EA012006C23C3 /* GuessResultViewModel.swift in Sources */ = {isa = PBXBuildFile; fileRef = 91F94C652C6EA012006C23C3 /* GuessResultViewModel.swift */; };
/* End PBXBuildFile section */

/* Begin PBXContainerItemProxy section */
		91431DBC2C63E95900F82CB4 /* PBXContainerItemProxy */ = {
			isa = PBXContainerItemProxy;
			containerPortal = 91431D9D2C63E95800F82CB4 /* Project object */;
			proxyType = 1;
			remoteGlobalIDString = 91431DA42C63E95800F82CB4;
			remoteInfo = WordGuesser;
		};
		91431DC62C63E95900F82CB4 /* PBXContainerItemProxy */ = {
			isa = PBXContainerItemProxy;
			containerPortal = 91431D9D2C63E95800F82CB4 /* Project object */;
			proxyType = 1;
			remoteGlobalIDString = 91431DA42C63E95800F82CB4;
			remoteInfo = WordGuesser;
		};
/* End PBXContainerItemProxy section */

/* Begin PBXFileReference section */
		91431DA52C63E95800F82CB4 /* Passkode.app */ = {isa = PBXFileReference; explicitFileType = wrapper.application; includeInIndex = 0; path = Passkode.app; sourceTree = BUILT_PRODUCTS_DIR; };
		91431DA82C63E95800F82CB4 /* AppDelegate.swift */ = {isa = PBXFileReference; lastKnownFileType = sourcecode.swift; path = AppDelegate.swift; sourceTree = "<group>"; };
		91431DAA2C63E95800F82CB4 /* SceneDelegate.swift */ = {isa = PBXFileReference; lastKnownFileType = sourcecode.swift; path = SceneDelegate.swift; sourceTree = "<group>"; };
		91431DAC2C63E95800F82CB4 /* ViewController.swift */ = {isa = PBXFileReference; lastKnownFileType = sourcecode.swift; path = ViewController.swift; sourceTree = "<group>"; };
		91431DAF2C63E95800F82CB4 /* Base */ = {isa = PBXFileReference; lastKnownFileType = file.storyboard; name = Base; path = Base.lproj/Main.storyboard; sourceTree = "<group>"; };
		91431DB12C63E95900F82CB4 /* Assets.xcassets */ = {isa = PBXFileReference; lastKnownFileType = folder.assetcatalog; path = Assets.xcassets; sourceTree = "<group>"; };
		91431DB42C63E95900F82CB4 /* Base */ = {isa = PBXFileReference; lastKnownFileType = file.storyboard; name = Base; path = Base.lproj/LaunchScreen.storyboard; sourceTree = "<group>"; };
		91431DB62C63E95900F82CB4 /* Info.plist */ = {isa = PBXFileReference; lastKnownFileType = text.plist.xml; path = Info.plist; sourceTree = "<group>"; };
		91431DBB2C63E95900F82CB4 /* PasskodeTests.xctest */ = {isa = PBXFileReference; explicitFileType = wrapper.cfbundle; includeInIndex = 0; path = PasskodeTests.xctest; sourceTree = BUILT_PRODUCTS_DIR; };
		91431DBF2C63E95900F82CB4 /* WordGuesserTests.swift */ = {isa = PBXFileReference; lastKnownFileType = sourcecode.swift; path = WordGuesserTests.swift; sourceTree = "<group>"; };
		91431DC52C63E95900F82CB4 /* PasskodeUITests.xctest */ = {isa = PBXFileReference; explicitFileType = wrapper.cfbundle; includeInIndex = 0; path = PasskodeUITests.xctest; sourceTree = BUILT_PRODUCTS_DIR; };
		91431DC92C63E95900F82CB4 /* WordGuesserUITests.swift */ = {isa = PBXFileReference; lastKnownFileType = sourcecode.swift; path = WordGuesserUITests.swift; sourceTree = "<group>"; };
		91431DCB2C63E95900F82CB4 /* WordGuesserUITestsLaunchTests.swift */ = {isa = PBXFileReference; lastKnownFileType = sourcecode.swift; path = WordGuesserUITestsLaunchTests.swift; sourceTree = "<group>"; };
		91431DD82C64659700F82CB4 /* wordlist.txt */ = {isa = PBXFileReference; fileEncoding = 4; lastKnownFileType = text; path = wordlist.txt; sourceTree = "<group>"; };
		91751C7C2C6AEB8300E113A2 /* Game.swift */ = {isa = PBXFileReference; lastKnownFileType = sourcecode.swift; path = Game.swift; sourceTree = "<group>"; };
		91F94C552C6E4A03006C23C3 /* GuessResultsView.swift */ = {isa = PBXFileReference; lastKnownFileType = sourcecode.swift; path = GuessResultsView.swift; sourceTree = "<group>"; };
		91F94C572C6E4AC7006C23C3 /* GuessResultsView.xib */ = {isa = PBXFileReference; lastKnownFileType = file.xib; path = GuessResultsView.xib; sourceTree = "<group>"; };
		91F94C592C6E5724006C23C3 /* GuessResultsLetterView.swift */ = {isa = PBXFileReference; lastKnownFileType = sourcecode.swift; path = GuessResultsLetterView.swift; sourceTree = "<group>"; };
		91F94C5B2C6E5786006C23C3 /* GuessResultsLetterView.xib */ = {isa = PBXFileReference; lastKnownFileType = file.xib; path = GuessResultsLetterView.xib; sourceTree = "<group>"; };
		91F94C5D2C6E9173006C23C3 /* UIView+Nib.swift */ = {isa = PBXFileReference; lastKnownFileType = sourcecode.swift; path = "UIView+Nib.swift"; sourceTree = "<group>"; };
		91F94C632C6E9FC6006C23C3 /* LetterResultViewModel.swift */ = {isa = PBXFileReference; lastKnownFileType = sourcecode.swift; path = LetterResultViewModel.swift; sourceTree = "<group>"; };
		91F94C652C6EA012006C23C3 /* GuessResultViewModel.swift */ = {isa = PBXFileReference; lastKnownFileType = sourcecode.swift; path = GuessResultViewModel.swift; sourceTree = "<group>"; };
/* End PBXFileReference section */

/* Begin PBXFrameworksBuildPhase section */
		91431DA22C63E95800F82CB4 /* Frameworks */ = {
			isa = PBXFrameworksBuildPhase;
			buildActionMask = 2147483647;
			files = (
				91B145892C823E9B004FC37B /* KeyboardKit in Frameworks */,
			);
			runOnlyForDeploymentPostprocessing = 0;
		};
		91431DB82C63E95900F82CB4 /* Frameworks */ = {
			isa = PBXFrameworksBuildPhase;
			buildActionMask = 2147483647;
			files = (
			);
			runOnlyForDeploymentPostprocessing = 0;
		};
		91431DC22C63E95900F82CB4 /* Frameworks */ = {
			isa = PBXFrameworksBuildPhase;
			buildActionMask = 2147483647;
			files = (
			);
			runOnlyForDeploymentPostprocessing = 0;
		};
/* End PBXFrameworksBuildPhase section */

/* Begin PBXGroup section */
		91431D9C2C63E95800F82CB4 = {
			isa = PBXGroup;
			children = (
				91431DA72C63E95800F82CB4 /* WordGuesser */,
				91431DBE2C63E95900F82CB4 /* WordGuesserTests */,
				91431DC82C63E95900F82CB4 /* WordGuesserUITests */,
				91431DA62C63E95800F82CB4 /* Products */,
			);
			sourceTree = "<group>";
		};
		91431DA62C63E95800F82CB4 /* Products */ = {
			isa = PBXGroup;
			children = (
				91431DA52C63E95800F82CB4 /* Passkode.app */,
				91431DBB2C63E95900F82CB4 /* PasskodeTests.xctest */,
				91431DC52C63E95900F82CB4 /* PasskodeUITests.xctest */,
			);
			name = Products;
			sourceTree = "<group>";
		};
		91431DA72C63E95800F82CB4 /* WordGuesser */ = {
			isa = PBXGroup;
			children = (
				91F94C5D2C6E9173006C23C3 /* UIView+Nib.swift */,
				91431DA82C63E95800F82CB4 /* AppDelegate.swift */,
				91431DAA2C63E95800F82CB4 /* SceneDelegate.swift */,
				91F94C672C6EA04B006C23C3 /* View Models */,
				91F94C682C6EA06F006C23C3 /* Views */,
				91751C7C2C6AEB8300E113A2 /* Game.swift */,
				91431DAC2C63E95800F82CB4 /* ViewController.swift */,
				91431DAE2C63E95800F82CB4 /* Main.storyboard */,
				91431DB12C63E95900F82CB4 /* Assets.xcassets */,
				91431DD82C64659700F82CB4 /* wordlist.txt */,
				91431DB32C63E95900F82CB4 /* LaunchScreen.storyboard */,
				91431DB62C63E95900F82CB4 /* Info.plist */,
			);
			path = WordGuesser;
			sourceTree = "<group>";
		};
		91431DBE2C63E95900F82CB4 /* WordGuesserTests */ = {
			isa = PBXGroup;
			children = (
				91431DBF2C63E95900F82CB4 /* WordGuesserTests.swift */,
			);
			path = WordGuesserTests;
			sourceTree = "<group>";
		};
		91431DC82C63E95900F82CB4 /* WordGuesserUITests */ = {
			isa = PBXGroup;
			children = (
				91431DC92C63E95900F82CB4 /* WordGuesserUITests.swift */,
				91431DCB2C63E95900F82CB4 /* WordGuesserUITestsLaunchTests.swift */,
			);
			path = WordGuesserUITests;
			sourceTree = "<group>";
		};
		91F94C672C6EA04B006C23C3 /* View Models */ = {
			isa = PBXGroup;
			children = (
				91F94C652C6EA012006C23C3 /* GuessResultViewModel.swift */,
				91F94C632C6E9FC6006C23C3 /* LetterResultViewModel.swift */,
			);
			path = "View Models";
			sourceTree = "<group>";
		};
		91F94C682C6EA06F006C23C3 /* Views */ = {
			isa = PBXGroup;
			children = (
				91F94C552C6E4A03006C23C3 /* GuessResultsView.swift */,
				91F94C592C6E5724006C23C3 /* GuessResultsLetterView.swift */,
				91F94C572C6E4AC7006C23C3 /* GuessResultsView.xib */,
				91F94C5B2C6E5786006C23C3 /* GuessResultsLetterView.xib */,
			);
			path = Views;
			sourceTree = "<group>";
		};
/* End PBXGroup section */

/* Begin PBXNativeTarget section */
		91431DA42C63E95800F82CB4 /* Passkode */ = {
			isa = PBXNativeTarget;
			buildConfigurationList = 91431DCF2C63E95900F82CB4 /* Build configuration list for PBXNativeTarget "Passkode" */;
			buildPhases = (
				91431DA12C63E95800F82CB4 /* Sources */,
				91431DA22C63E95800F82CB4 /* Frameworks */,
				91431DA32C63E95800F82CB4 /* Resources */,
			);
			buildRules = (
			);
			dependencies = (
			);
			name = Passkode;
			packageProductDependencies = (
				91B145882C823E9B004FC37B /* KeyboardKit */,
			);
			productName = WordGuesser;
			productReference = 91431DA52C63E95800F82CB4 /* Passkode.app */;
			productType = "com.apple.product-type.application";
		};
		91431DBA2C63E95900F82CB4 /* PasskodeTests */ = {
			isa = PBXNativeTarget;
			buildConfigurationList = 91431DD22C63E95900F82CB4 /* Build configuration list for PBXNativeTarget "PasskodeTests" */;
			buildPhases = (
				91431DB72C63E95900F82CB4 /* Sources */,
				91431DB82C63E95900F82CB4 /* Frameworks */,
				91431DB92C63E95900F82CB4 /* Resources */,
			);
			buildRules = (
			);
			dependencies = (
				91431DBD2C63E95900F82CB4 /* PBXTargetDependency */,
			);
			name = PasskodeTests;
			productName = WordGuesserTests;
			productReference = 91431DBB2C63E95900F82CB4 /* PasskodeTests.xctest */;
			productType = "com.apple.product-type.bundle.unit-test";
		};
		91431DC42C63E95900F82CB4 /* PasskodeUITests */ = {
			isa = PBXNativeTarget;
			buildConfigurationList = 91431DD52C63E95900F82CB4 /* Build configuration list for PBXNativeTarget "PasskodeUITests" */;
			buildPhases = (
				91431DC12C63E95900F82CB4 /* Sources */,
				91431DC22C63E95900F82CB4 /* Frameworks */,
				91431DC32C63E95900F82CB4 /* Resources */,
			);
			buildRules = (
			);
			dependencies = (
				91431DC72C63E95900F82CB4 /* PBXTargetDependency */,
			);
			name = PasskodeUITests;
			productName = WordGuesserUITests;
			productReference = 91431DC52C63E95900F82CB4 /* PasskodeUITests.xctest */;
			productType = "com.apple.product-type.bundle.ui-testing";
		};
/* End PBXNativeTarget section */

/* Begin PBXProject section */
		91431D9D2C63E95800F82CB4 /* Project object */ = {
			isa = PBXProject;
			attributes = {
				BuildIndependentTargetsInParallel = 1;
				LastSwiftUpdateCheck = 1540;
				LastUpgradeCheck = 1540;
				TargetAttributes = {
					91431DA42C63E95800F82CB4 = {
						CreatedOnToolsVersion = 15.4;
					};
					91431DBA2C63E95900F82CB4 = {
						CreatedOnToolsVersion = 15.4;
						TestTargetID = 91431DA42C63E95800F82CB4;
					};
					91431DC42C63E95900F82CB4 = {
						CreatedOnToolsVersion = 15.4;
						TestTargetID = 91431DA42C63E95800F82CB4;
					};
				};
			};
			buildConfigurationList = 91431DA02C63E95800F82CB4 /* Build configuration list for PBXProject "Passkode" */;
			compatibilityVersion = "Xcode 14.0";
			developmentRegion = en;
			hasScannedForEncodings = 0;
			knownRegions = (
				en,
				Base,
			);
			mainGroup = 91431D9C2C63E95800F82CB4;
			packageReferences = (
				91B145872C823E9B004FC37B /* XCRemoteSwiftPackageReference "KeyboardKit" */,
			);
			productRefGroup = 91431DA62C63E95800F82CB4 /* Products */;
			projectDirPath = "";
			projectRoot = "";
			targets = (
				91431DA42C63E95800F82CB4 /* Passkode */,
				91431DBA2C63E95900F82CB4 /* PasskodeTests */,
				91431DC42C63E95900F82CB4 /* PasskodeUITests */,
			);
		};
/* End PBXProject section */

/* Begin PBXResourcesBuildPhase section */
		91431DA32C63E95800F82CB4 /* Resources */ = {
			isa = PBXResourcesBuildPhase;
			buildActionMask = 2147483647;
			files = (
				91F94C582C6E4AC7006C23C3 /* GuessResultsView.xib in Resources */,
				91F94C5C2C6E5786006C23C3 /* GuessResultsLetterView.xib in Resources */,
				91431DB22C63E95900F82CB4 /* Assets.xcassets in Resources */,
				91431DB52C63E95900F82CB4 /* Base in Resources */,
				91431DD92C64659700F82CB4 /* wordlist.txt in Resources */,
				91431DB02C63E95800F82CB4 /* Base in Resources */,
			);
			runOnlyForDeploymentPostprocessing = 0;
		};
		91431DB92C63E95900F82CB4 /* Resources */ = {
			isa = PBXResourcesBuildPhase;
			buildActionMask = 2147483647;
			files = (
			);
			runOnlyForDeploymentPostprocessing = 0;
		};
		91431DC32C63E95900F82CB4 /* Resources */ = {
			isa = PBXResourcesBuildPhase;
			buildActionMask = 2147483647;
			files = (
			);
			runOnlyForDeploymentPostprocessing = 0;
		};
/* End PBXResourcesBuildPhase section */

/* Begin PBXSourcesBuildPhase section */
		91431DA12C63E95800F82CB4 /* Sources */ = {
			isa = PBXSourcesBuildPhase;
			buildActionMask = 2147483647;
			files = (
				91431DAD2C63E95800F82CB4 /* ViewController.swift in Sources */,
				91F94C642C6E9FC6006C23C3 /* LetterResultViewModel.swift in Sources */,
				91F94C5A2C6E5724006C23C3 /* GuessResultsLetterView.swift in Sources */,
				91F94C562C6E4A03006C23C3 /* GuessResultsView.swift in Sources */,
				91F94C662C6EA012006C23C3 /* GuessResultViewModel.swift in Sources */,
				91431DA92C63E95800F82CB4 /* AppDelegate.swift in Sources */,
				91431DAB2C63E95800F82CB4 /* SceneDelegate.swift in Sources */,
				91751C7D2C6AEB8300E113A2 /* Game.swift in Sources */,
				91F94C5E2C6E9173006C23C3 /* UIView+Nib.swift in Sources */,
			);
			runOnlyForDeploymentPostprocessing = 0;
		};
		91431DB72C63E95900F82CB4 /* Sources */ = {
			isa = PBXSourcesBuildPhase;
			buildActionMask = 2147483647;
			files = (
				91431DC02C63E95900F82CB4 /* WordGuesserTests.swift in Sources */,
			);
			runOnlyForDeploymentPostprocessing = 0;
		};
		91431DC12C63E95900F82CB4 /* Sources */ = {
			isa = PBXSourcesBuildPhase;
			buildActionMask = 2147483647;
			files = (
				91431DCA2C63E95900F82CB4 /* WordGuesserUITests.swift in Sources */,
				91431DCC2C63E95900F82CB4 /* WordGuesserUITestsLaunchTests.swift in Sources */,
			);
			runOnlyForDeploymentPostprocessing = 0;
		};
/* End PBXSourcesBuildPhase section */

/* Begin PBXTargetDependency section */
		91431DBD2C63E95900F82CB4 /* PBXTargetDependency */ = {
			isa = PBXTargetDependency;
			target = 91431DA42C63E95800F82CB4 /* Passkode */;
			targetProxy = 91431DBC2C63E95900F82CB4 /* PBXContainerItemProxy */;
		};
		91431DC72C63E95900F82CB4 /* PBXTargetDependency */ = {
			isa = PBXTargetDependency;
			target = 91431DA42C63E95800F82CB4 /* Passkode */;
			targetProxy = 91431DC62C63E95900F82CB4 /* PBXContainerItemProxy */;
		};
/* End PBXTargetDependency section */

/* Begin PBXVariantGroup section */
		91431DAE2C63E95800F82CB4 /* Main.storyboard */ = {
			isa = PBXVariantGroup;
			children = (
				91431DAF2C63E95800F82CB4 /* Base */,
			);
			name = Main.storyboard;
			sourceTree = "<group>";
		};
		91431DB32C63E95900F82CB4 /* LaunchScreen.storyboard */ = {
			isa = PBXVariantGroup;
			children = (
				91431DB42C63E95900F82CB4 /* Base */,
			);
			name = LaunchScreen.storyboard;
			sourceTree = "<group>";
		};
/* End PBXVariantGroup section */

/* Begin XCBuildConfiguration section */
		91431DCD2C63E95900F82CB4 /* Debug */ = {
			isa = XCBuildConfiguration;
			buildSettings = {
				ALWAYS_SEARCH_USER_PATHS = NO;
				ASSETCATALOG_COMPILER_GENERATE_SWIFT_ASSET_SYMBOL_EXTENSIONS = YES;
				CLANG_ANALYZER_NONNULL = YES;
				CLANG_ANALYZER_NUMBER_OBJECT_CONVERSION = YES_AGGRESSIVE;
				CLANG_CXX_LANGUAGE_STANDARD = "gnu++20";
				CLANG_ENABLE_MODULES = YES;
				CLANG_ENABLE_OBJC_ARC = YES;
				CLANG_ENABLE_OBJC_WEAK = YES;
				CLANG_WARN_BLOCK_CAPTURE_AUTORELEASING = YES;
				CLANG_WARN_BOOL_CONVERSION = YES;
				CLANG_WARN_COMMA = YES;
				CLANG_WARN_CONSTANT_CONVERSION = YES;
				CLANG_WARN_DEPRECATED_OBJC_IMPLEMENTATIONS = YES;
				CLANG_WARN_DIRECT_OBJC_ISA_USAGE = YES_ERROR;
				CLANG_WARN_DOCUMENTATION_COMMENTS = YES;
				CLANG_WARN_EMPTY_BODY = YES;
				CLANG_WARN_ENUM_CONVERSION = YES;
				CLANG_WARN_INFINITE_RECURSION = YES;
				CLANG_WARN_INT_CONVERSION = YES;
				CLANG_WARN_NON_LITERAL_NULL_CONVERSION = YES;
				CLANG_WARN_OBJC_IMPLICIT_RETAIN_SELF = YES;
				CLANG_WARN_OBJC_LITERAL_CONVERSION = YES;
				CLANG_WARN_OBJC_ROOT_CLASS = YES_ERROR;
				CLANG_WARN_QUOTED_INCLUDE_IN_FRAMEWORK_HEADER = YES;
				CLANG_WARN_RANGE_LOOP_ANALYSIS = YES;
				CLANG_WARN_STRICT_PROTOTYPES = YES;
				CLANG_WARN_SUSPICIOUS_MOVE = YES;
				CLANG_WARN_UNGUARDED_AVAILABILITY = YES_AGGRESSIVE;
				CLANG_WARN_UNREACHABLE_CODE = YES;
				CLANG_WARN__DUPLICATE_METHOD_MATCH = YES;
				COPY_PHASE_STRIP = NO;
				DEBUG_INFORMATION_FORMAT = dwarf;
				ENABLE_STRICT_OBJC_MSGSEND = YES;
				ENABLE_TESTABILITY = YES;
				ENABLE_USER_SCRIPT_SANDBOXING = YES;
				GCC_C_LANGUAGE_STANDARD = gnu17;
				GCC_DYNAMIC_NO_PIC = NO;
				GCC_NO_COMMON_BLOCKS = YES;
				GCC_OPTIMIZATION_LEVEL = 0;
				GCC_PREPROCESSOR_DEFINITIONS = (
					"DEBUG=1",
					"$(inherited)",
				);
				GCC_WARN_64_TO_32_BIT_CONVERSION = YES;
				GCC_WARN_ABOUT_RETURN_TYPE = YES_ERROR;
				GCC_WARN_UNDECLARED_SELECTOR = YES;
				GCC_WARN_UNINITIALIZED_AUTOS = YES_AGGRESSIVE;
				GCC_WARN_UNUSED_FUNCTION = YES;
				GCC_WARN_UNUSED_VARIABLE = YES;
				IPHONEOS_DEPLOYMENT_TARGET = 17.5;
				LOCALIZATION_PREFERS_STRING_CATALOGS = YES;
				MTL_ENABLE_DEBUG_INFO = INCLUDE_SOURCE;
				MTL_FAST_MATH = YES;
				ONLY_ACTIVE_ARCH = YES;
				SDKROOT = iphoneos;
				SWIFT_ACTIVE_COMPILATION_CONDITIONS = "DEBUG $(inherited)";
				SWIFT_OPTIMIZATION_LEVEL = "-Onone";
			};
			name = Debug;
		};
		91431DCE2C63E95900F82CB4 /* Release */ = {
			isa = XCBuildConfiguration;
			buildSettings = {
				ALWAYS_SEARCH_USER_PATHS = NO;
				ASSETCATALOG_COMPILER_GENERATE_SWIFT_ASSET_SYMBOL_EXTENSIONS = YES;
				CLANG_ANALYZER_NONNULL = YES;
				CLANG_ANALYZER_NUMBER_OBJECT_CONVERSION = YES_AGGRESSIVE;
				CLANG_CXX_LANGUAGE_STANDARD = "gnu++20";
				CLANG_ENABLE_MODULES = YES;
				CLANG_ENABLE_OBJC_ARC = YES;
				CLANG_ENABLE_OBJC_WEAK = YES;
				CLANG_WARN_BLOCK_CAPTURE_AUTORELEASING = YES;
				CLANG_WARN_BOOL_CONVERSION = YES;
				CLANG_WARN_COMMA = YES;
				CLANG_WARN_CONSTANT_CONVERSION = YES;
				CLANG_WARN_DEPRECATED_OBJC_IMPLEMENTATIONS = YES;
				CLANG_WARN_DIRECT_OBJC_ISA_USAGE = YES_ERROR;
				CLANG_WARN_DOCUMENTATION_COMMENTS = YES;
				CLANG_WARN_EMPTY_BODY = YES;
				CLANG_WARN_ENUM_CONVERSION = YES;
				CLANG_WARN_INFINITE_RECURSION = YES;
				CLANG_WARN_INT_CONVERSION = YES;
				CLANG_WARN_NON_LITERAL_NULL_CONVERSION = YES;
				CLANG_WARN_OBJC_IMPLICIT_RETAIN_SELF = YES;
				CLANG_WARN_OBJC_LITERAL_CONVERSION = YES;
				CLANG_WARN_OBJC_ROOT_CLASS = YES_ERROR;
				CLANG_WARN_QUOTED_INCLUDE_IN_FRAMEWORK_HEADER = YES;
				CLANG_WARN_RANGE_LOOP_ANALYSIS = YES;
				CLANG_WARN_STRICT_PROTOTYPES = YES;
				CLANG_WARN_SUSPICIOUS_MOVE = YES;
				CLANG_WARN_UNGUARDED_AVAILABILITY = YES_AGGRESSIVE;
				CLANG_WARN_UNREACHABLE_CODE = YES;
				CLANG_WARN__DUPLICATE_METHOD_MATCH = YES;
				COPY_PHASE_STRIP = NO;
				DEBUG_INFORMATION_FORMAT = "dwarf-with-dsym";
				ENABLE_NS_ASSERTIONS = NO;
				ENABLE_STRICT_OBJC_MSGSEND = YES;
				ENABLE_USER_SCRIPT_SANDBOXING = YES;
				GCC_C_LANGUAGE_STANDARD = gnu17;
				GCC_NO_COMMON_BLOCKS = YES;
				GCC_WARN_64_TO_32_BIT_CONVERSION = YES;
				GCC_WARN_ABOUT_RETURN_TYPE = YES_ERROR;
				GCC_WARN_UNDECLARED_SELECTOR = YES;
				GCC_WARN_UNINITIALIZED_AUTOS = YES_AGGRESSIVE;
				GCC_WARN_UNUSED_FUNCTION = YES;
				GCC_WARN_UNUSED_VARIABLE = YES;
				IPHONEOS_DEPLOYMENT_TARGET = 17.5;
				LOCALIZATION_PREFERS_STRING_CATALOGS = YES;
				MTL_ENABLE_DEBUG_INFO = NO;
				MTL_FAST_MATH = YES;
				SDKROOT = iphoneos;
				SWIFT_COMPILATION_MODE = wholemodule;
				VALIDATE_PRODUCT = YES;
			};
			name = Release;
		};
		91431DD02C63E95900F82CB4 /* Debug */ = {
			isa = XCBuildConfiguration;
			buildSettings = {
				ASSETCATALOG_COMPILER_APPICON_NAME = AppIcon;
				ASSETCATALOG_COMPILER_GLOBAL_ACCENT_COLOR_NAME = AccentColor;
				CODE_SIGN_STYLE = Automatic;
				CURRENT_PROJECT_VERSION = 1;
				DEVELOPMENT_TEAM = 9KSD77SLMV;
				GENERATE_INFOPLIST_FILE = YES;
				INFOPLIST_FILE = WordGuesser/Info.plist;
				INFOPLIST_KEY_UIApplicationSupportsIndirectInputEvents = YES;
				INFOPLIST_KEY_UILaunchStoryboardName = LaunchScreen;
				INFOPLIST_KEY_UIMainStoryboardFile = Main;
				INFOPLIST_KEY_UISupportedInterfaceOrientations_iPad = "UIInterfaceOrientationPortrait UIInterfaceOrientationPortraitUpsideDown UIInterfaceOrientationLandscapeLeft UIInterfaceOrientationLandscapeRight";
				INFOPLIST_KEY_UISupportedInterfaceOrientations_iPhone = "UIInterfaceOrientationPortrait UIInterfaceOrientationLandscapeLeft UIInterfaceOrientationLandscapeRight";
				LD_RUNPATH_SEARCH_PATHS = (
					"$(inherited)",
					"@executable_path/Frameworks",
				);
				MARKETING_VERSION = 1.0;
				PRODUCT_BUNDLE_IDENTIFIER = com.jking.passkode;
				PRODUCT_NAME = "$(TARGET_NAME)";
				SWIFT_EMIT_LOC_STRINGS = YES;
				SWIFT_VERSION = 5.0;
				TARGETED_DEVICE_FAMILY = "1,2";
			};
			name = Debug;
		};
		91431DD12C63E95900F82CB4 /* Release */ = {
			isa = XCBuildConfiguration;
			buildSettings = {
				ASSETCATALOG_COMPILER_APPICON_NAME = AppIcon;
				ASSETCATALOG_COMPILER_GLOBAL_ACCENT_COLOR_NAME = AccentColor;
				CODE_SIGN_STYLE = Automatic;
				CURRENT_PROJECT_VERSION = 1;
				DEVELOPMENT_TEAM = 9KSD77SLMV;
				GENERATE_INFOPLIST_FILE = YES;
				INFOPLIST_FILE = WordGuesser/Info.plist;
				INFOPLIST_KEY_UIApplicationSupportsIndirectInputEvents = YES;
				INFOPLIST_KEY_UILaunchStoryboardName = LaunchScreen;
				INFOPLIST_KEY_UIMainStoryboardFile = Main;
				INFOPLIST_KEY_UISupportedInterfaceOrientations_iPad = "UIInterfaceOrientationPortrait UIInterfaceOrientationPortraitUpsideDown UIInterfaceOrientationLandscapeLeft UIInterfaceOrientationLandscapeRight";
				INFOPLIST_KEY_UISupportedInterfaceOrientations_iPhone = "UIInterfaceOrientationPortrait UIInterfaceOrientationLandscapeLeft UIInterfaceOrientationLandscapeRight";
				LD_RUNPATH_SEARCH_PATHS = (
					"$(inherited)",
					"@executable_path/Frameworks",
				);
				MARKETING_VERSION = 1.0;
				PRODUCT_BUNDLE_IDENTIFIER = com.jking.passkode;
				PRODUCT_NAME = "$(TARGET_NAME)";
				SWIFT_EMIT_LOC_STRINGS = YES;
				SWIFT_VERSION = 5.0;
				TARGETED_DEVICE_FAMILY = "1,2";
			};
			name = Release;
		};
		91431DD32C63E95900F82CB4 /* Debug */ = {
			isa = XCBuildConfiguration;
			buildSettings = {
				ALWAYS_EMBED_SWIFT_STANDARD_LIBRARIES = YES;
				BUNDLE_LOADER = "$(TEST_HOST)";
				CODE_SIGN_STYLE = Automatic;
				CURRENT_PROJECT_VERSION = 1;
				DEVELOPMENT_TEAM = 7B8EWJ4LKW;
				GENERATE_INFOPLIST_FILE = YES;
				IPHONEOS_DEPLOYMENT_TARGET = 17.5;
				MARKETING_VERSION = 1.0;
				PRODUCT_BUNDLE_IDENTIFIER = com.jking.WordGuesserTests;
				PRODUCT_NAME = "$(TARGET_NAME)";
				SWIFT_EMIT_LOC_STRINGS = NO;
				SWIFT_VERSION = 5.0;
				TARGETED_DEVICE_FAMILY = "1,2";
				TEST_HOST = "$(BUILT_PRODUCTS_DIR)/Passkode.app/$(BUNDLE_EXECUTABLE_FOLDER_PATH)/Passkode";
			};
			name = Debug;
		};
		91431DD42C63E95900F82CB4 /* Release */ = {
			isa = XCBuildConfiguration;
			buildSettings = {
				ALWAYS_EMBED_SWIFT_STANDARD_LIBRARIES = YES;
				BUNDLE_LOADER = "$(TEST_HOST)";
				CODE_SIGN_STYLE = Automatic;
				CURRENT_PROJECT_VERSION = 1;
				DEVELOPMENT_TEAM = 7B8EWJ4LKW;
				GENERATE_INFOPLIST_FILE = YES;
				IPHONEOS_DEPLOYMENT_TARGET = 17.5;
				MARKETING_VERSION = 1.0;
				PRODUCT_BUNDLE_IDENTIFIER = com.jking.WordGuesserTests;
				PRODUCT_NAME = "$(TARGET_NAME)";
				SWIFT_EMIT_LOC_STRINGS = NO;
				SWIFT_VERSION = 5.0;
				TARGETED_DEVICE_FAMILY = "1,2";
				TEST_HOST = "$(BUILT_PRODUCTS_DIR)/Passkode.app/$(BUNDLE_EXECUTABLE_FOLDER_PATH)/Passkode";
			};
			name = Release;
		};
		91431DD62C63E95900F82CB4 /* Debug */ = {
			isa = XCBuildConfiguration;
			buildSettings = {
				ALWAYS_EMBED_SWIFT_STANDARD_LIBRARIES = YES;
				CODE_SIGN_STYLE = Automatic;
				CURRENT_PROJECT_VERSION = 1;
				DEVELOPMENT_TEAM = 7B8EWJ4LKW;
				GENERATE_INFOPLIST_FILE = YES;
				MARKETING_VERSION = 1.0;
				PRODUCT_BUNDLE_IDENTIFIER = com.jking.WordGuesserUITests;
				PRODUCT_NAME = "$(TARGET_NAME)";
				SWIFT_EMIT_LOC_STRINGS = NO;
				SWIFT_VERSION = 5.0;
				TARGETED_DEVICE_FAMILY = "1,2";
				TEST_TARGET_NAME = WordGuesser;
			};
			name = Debug;
		};
		91431DD72C63E95900F82CB4 /* Release */ = {
			isa = XCBuildConfiguration;
			buildSettings = {
				ALWAYS_EMBED_SWIFT_STANDARD_LIBRARIES = YES;
				CODE_SIGN_STYLE = Automatic;
				CURRENT_PROJECT_VERSION = 1;
				DEVELOPMENT_TEAM = 7B8EWJ4LKW;
				GENERATE_INFOPLIST_FILE = YES;
				MARKETING_VERSION = 1.0;
				PRODUCT_BUNDLE_IDENTIFIER = com.jking.WordGuesserUITests;
				PRODUCT_NAME = "$(TARGET_NAME)";
				SWIFT_EMIT_LOC_STRINGS = NO;
				SWIFT_VERSION = 5.0;
				TARGETED_DEVICE_FAMILY = "1,2";
				TEST_TARGET_NAME = WordGuesser;
			};
			name = Release;
		};
/* End XCBuildConfiguration section */

/* Begin XCConfigurationList section */
		91431DA02C63E95800F82CB4 /* Build configuration list for PBXProject "Passkode" */ = {
			isa = XCConfigurationList;
			buildConfigurations = (
				91431DCD2C63E95900F82CB4 /* Debug */,
				91431DCE2C63E95900F82CB4 /* Release */,
			);
			defaultConfigurationIsVisible = 0;
			defaultConfigurationName = Release;
		};
		91431DCF2C63E95900F82CB4 /* Build configuration list for PBXNativeTarget "Passkode" */ = {
			isa = XCConfigurationList;
			buildConfigurations = (
				91431DD02C63E95900F82CB4 /* Debug */,
				91431DD12C63E95900F82CB4 /* Release */,
			);
			defaultConfigurationIsVisible = 0;
			defaultConfigurationName = Release;
		};
		91431DD22C63E95900F82CB4 /* Build configuration list for PBXNativeTarget "PasskodeTests" */ = {
			isa = XCConfigurationList;
			buildConfigurations = (
				91431DD32C63E95900F82CB4 /* Debug */,
				91431DD42C63E95900F82CB4 /* Release */,
			);
			defaultConfigurationIsVisible = 0;
			defaultConfigurationName = Release;
		};
		91431DD52C63E95900F82CB4 /* Build configuration list for PBXNativeTarget "PasskodeUITests" */ = {
			isa = XCConfigurationList;
			buildConfigurations = (
				91431DD62C63E95900F82CB4 /* Debug */,
				91431DD72C63E95900F82CB4 /* Release */,
			);
			defaultConfigurationIsVisible = 0;
			defaultConfigurationName = Release;
		};
/* End XCConfigurationList section */

/* Begin XCRemoteSwiftPackageReference section */
		91B145872C823E9B004FC37B /* XCRemoteSwiftPackageReference "KeyboardKit" */ = {
			isa = XCRemoteSwiftPackageReference;
			repositoryURL = "https://github.com/KeyboardKit/KeyboardKit.git";
			requirement = {
				kind = upToNextMajorVersion;
				minimumVersion = 8.8.1;
			};
		};
/* End XCRemoteSwiftPackageReference section */

/* Begin XCSwiftPackageProductDependency section */
		91B145882C823E9B004FC37B /* KeyboardKit */ = {
			isa = XCSwiftPackageProductDependency;
			package = 91B145872C823E9B004FC37B /* XCRemoteSwiftPackageReference "KeyboardKit" */;
			productName = KeyboardKit;
		};
/* End XCSwiftPackageProductDependency section */
	};
	rootObject = 91431D9D2C63E95800F82CB4 /* Project object */;
}
